
Microsoft Visual Studio Solution File, Format Version 12.00
# Visual Studio Version 17
VisualStudioVersion = 17.10.34916.146
MinimumVisualStudioVersion = 10.0.40219.1
Project("{FAE04EC0-301F-11D3-BF4B-00C04F79EFBC}") = "ShitChatApp", "ShitChatApp\ShitChatApp\ShitChatApp.csproj", "{AC0369D7-61C5-454D-9CCB-A2BCCE54170D}"
EndProject
Project("{FAE04EC0-301F-11D3-BF4B-00C04F79EFBC}") = "ShitChatApp.Client", "ShitChatApp\ShitChatApp.Client\ShitChatApp.Client.csproj", "{A6FF3A74-971A-4AE3-95DF-1EC493B195F9}"
EndProject
Global
	GlobalSection(SolutionConfigurationPlatforms) = preSolution
		Debug|Any CPU = Debug|Any CPU
		Release|Any CPU = Release|Any CPU
	EndGlobalSection
	GlobalSection(ProjectConfigurationPlatforms) = postSolution
		{AC0369D7-61C5-454D-9CCB-A2BCCE54170D}.Debug|Any CPU.ActiveCfg = Debug|Any CPU
		{AC0369D7-61C5-454D-9CCB-A2BCCE54170D}.Debug|Any CPU.Build.0 = Debug|Any CPU
		{AC0369D7-61C5-454D-9CCB-A2BCCE54170D}.Release|Any CPU.ActiveCfg = Release|Any CPU
		{AC0369D7-61C5-454D-9CCB-A2BCCE54170D}.Release|Any CPU.Build.0 = Release|Any CPU
		{A6FF3A74-971A-4AE3-95DF-1EC493B195F9}.Debug|Any CPU.ActiveCfg = Debug|Any CPU
		{A6FF3A74-971A-4AE3-95DF-1EC493B195F9}.Debug|Any CPU.Build.0 = Debug|Any CPU
		{A6FF3A74-971A-4AE3-95DF-1EC493B195F9}.Release|Any CPU.ActiveCfg = Release|Any CPU
		{A6FF3A74-971A-4AE3-95DF-1EC493B195F9}.Release|Any CPU.Build.0 = Release|Any CPU
	EndGlobalSection
	GlobalSection(SolutionProperties) = preSolution
		HideSolutionNode = FALSE
	EndGlobalSection
	GlobalSection(ExtensibilityGlobals) = postSolution
		SolutionGuid = {390F2171-8151-4C82-8C61-2FAA67BF6847}
	EndGlobalSection
EndGlobal
